{
  "name": "dapes",
  "version": "0.0.1",
  "lockfileVersion": 3,
  "requires": true,
  "packages": {
    "": {
      "name": "dapes",
      "version": "0.0.1",
      "devDependencies": {
        "@types/bun": "latest"
      },
      "peerDependencies": {
        "ramm": "^0.0.25",
        "typescript": "^5"
      }
    },
    "node_modules/@types/bun": {
      "version": "1.2.14",
      "resolved": "https://registry.npmjs.org/@types/bun/-/bun-1.2.14.tgz",
      "integrity": "sha512-VsFZKs8oKHzI7zwvECiAJ5oSorWndIWEVhfbYqZd4HI/45kzW7PN2Rr5biAzvGvRuNmYLSANY+H59ubHq8xw7Q==",
      "dev": true,
      "license": "MIT",
      "dependencies": {
        "bun-types": "1.2.14"
      }
    },
    "node_modules/@types/node": {
      "version": "22.15.21",
      "dev": true,
      "license": "MIT",
      "dependencies": {
        "undici-types": "~6.21.0"
      }
    },
    "node_modules/bun-types": {
      "version": "1.2.14",
      "dev": true,
      "license": "MIT",
      "dependencies": {
        "@types/node": "*"
      }
    },
    "node_modules/desy": {
      "version": "0.0.14",
      "resolved": "https://registry.npmjs.org/desy/-/desy-0.0.14.tgz",
      "integrity": "sha512-grrJLelgGT4r0A1Pkxc/P3XFoa5KhAlXuDcSnciIRXh6ySI0pLAll4ixgpyBDe3triYLwytGsEKjlP57FFG3IA==",
      "license": "MIT",
      "peer": true
    },
    "node_modules/ramm": {
      "version": "0.0.25",
      "resolved": "https://registry.npmjs.org/ramm/-/ramm-0.0.25.tgz",
      "integrity": "sha512-qGdPB1d2QCMJ7ASOmCA0fQU29WJG6puxIFXULeGE7g+e03/el8PsmbjzdKYSQpj6E7JmomDR8H12DmLZVZD9Yw==",
      "peer": true,
      "dependencies": {
        "desy": "^0.0.14"
      },
      "engines": {
        "bun": ">=1.0.0"
      }
    },
    "node_modules/typescript": {
      "version": "5.8.3",
      "license": "Apache-2.0",
      "peer": true,
      "bin": {
        "tsc": "bin/tsc",
        "tsserver": "bin/tsserver"
      },
      "engines": {
        "node": ">=14.17"
      }
    },
    "node_modules/undici-types": {
      "version": "6.21.0",
      "dev": true,
      "license": "MIT"
    }
  }
}
